
Microsoft Visual Studio Solution File, Format Version 12.00
# Visual Studio Version 17
VisualStudioVersion = 17.9.34728.123
MinimumVisualStudioVersion = 10.0.40219.1
Project("{2150E333-8FDC-42A3-9474-1A3956D46DE8}") = "src", "src", "{BE687B2D-1D99-4006-BF43-0E9F7745B366}"
EndProject
Project("{9A19103F-16F7-4668-BE54-9A1E7A4F7556}") = "PcGameMonitor", "src\PcGameMonitor\PcGameMonitor.csproj", "{D12B27CC-1D79-4AD5-90C1-DD638C72EF40}"
EndProject
Global
	GlobalSection(SolutionConfigurationPlatforms) = preSolution
		Debug|Any CPU = Debug|Any CPU
		Release|Any CPU = Release|Any CPU
	EndGlobalSection
	GlobalSection(ProjectConfigurationPlatforms) = postSolution
		{D12B27CC-1D79-4AD5-90C1-DD638C72EF40}.Debug|Any CPU.ActiveCfg = Debug|Any CPU
		{D12B27CC-1D79-4AD5-90C1-DD638C72EF40}.Debug|Any CPU.Build.0 = Debug|Any CPU
		{D12B27CC-1D79-4AD5-90C1-DD638C72EF40}.Release|Any CPU.ActiveCfg = Release|Any CPU
		{D12B27CC-1D79-4AD5-90C1-DD638C72EF40}.Release|Any CPU.Build.0 = Release|Any CPU
	EndGlobalSection
	GlobalSection(SolutionProperties) = preSolution
		HideSolutionNode = FALSE
	EndGlobalSection
	GlobalSection(NestedProjects) = preSolution
		{D12B27CC-1D79-4AD5-90C1-DD638C72EF40} = {BE687B2D-1D99-4006-BF43-0E9F7745B366}
	EndGlobalSection
	GlobalSection(ExtensibilityGlobals) = postSolution
		SolutionGuid = {F48D2550-6225-4D5A-B2F5-391FA4D0C7E5}
	EndGlobalSection
EndGlobal
